
Microsoft Visual Studio Solution File, Format Version 12.00
# Visual Studio Version 16
VisualStudioVersion = 16.0.29215.179
MinimumVisualStudioVersion = 10.0.40219.1
Project("{FAE04EC0-301F-11D3-BF4B-00C04F79EFBC}") = "PortalSac_PruebaConcepto", "PortalSac_PruebaConcepto.csproj", "{3A052817-F2BB-4558-8799-6A0268226DDE}"
EndProject
Global
	GlobalSection(SolutionConfigurationPlatforms) = preSolution
		Debug|Any CPU = Debug|Any CPU
		Release|Any CPU = Release|Any CPU
	EndGlobalSection
	GlobalSection(ProjectConfigurationPlatforms) = postSolution
		{3A052817-F2BB-4558-8799-6A0268226DDE}.Debug|Any CPU.ActiveCfg = Debug|Any CPU
		{3A052817-F2BB-4558-8799-6A0268226DDE}.Debug|Any CPU.Build.0 = Debug|Any CPU
		{3A052817-F2BB-4558-8799-6A0268226DDE}.Release|Any CPU.ActiveCfg = Release|Any CPU
		{3A052817-F2BB-4558-8799-6A0268226DDE}.Release|Any CPU.Build.0 = Release|Any CPU
	EndGlobalSection
	GlobalSection(SolutionProperties) = preSolution
		HideSolutionNode = FALSE
	EndGlobalSection
	GlobalSection(ExtensibilityGlobals) = postSolution
		SolutionGuid = {3C0B69C1-C87D-4C92-8120-0BF0A5ED0050}
	EndGlobalSection
EndGlobal
